// !$*UTF8*$!
{
	archiveVersion = 1;
	classes = {
	};
	objectVersion = 46;
	objects = {

/* Begin PBXBuildFile section */
		829C70881F3C967E001A3893 /* AppDelegate.swift in Sources */ = {isa = PBXBuildFile; fileRef = 829C70871F3C967E001A3893 /* AppDelegate.swift */; };
		829C708A1F3C967E001A3893 /* ViewController.swift in Sources */ = {isa = PBXBuildFile; fileRef = 829C70891F3C967E001A3893 /* ViewController.swift */; };
		829C708D1F3C967E001A3893 /* Main.storyboard in Resources */ = {isa = PBXBuildFile; fileRef = 829C708B1F3C967E001A3893 /* Main.storyboard */; };
		829C708F1F3C967E001A3893 /* Assets.xcassets in Resources */ = {isa = PBXBuildFile; fileRef = 829C708E1F3C967E001A3893 /* Assets.xcassets */; };
		829C70921F3C967E001A3893 /* LaunchScreen.storyboard in Resources */ = {isa = PBXBuildFile; fileRef = 829C70901F3C967E001A3893 /* LaunchScreen.storyboard */; };
/* End PBXBuildFile section */

/* Begin PBXFileReference section */
		829C70841F3C967E001A3893 /* ProgreeBar.app */ = {isa = PBXFileReference; explicitFileType = wrapper.application; includeInIndex = 0; path = ProgreeBar.app; sourceTree = BUILT_PRODUCTS_DIR; };
		829C70871F3C967E001A3893 /* AppDelegate.swift */ = {isa = PBXFileReference; lastKnownFileType = sourcecode.swift; path = AppDelegate.swift; sourceTree = "<group>"; };
		829C70891F3C967E001A3893 /* ViewController.swift */ = {isa = PBXFileReference; lastKnownFileType = sourcecode.swift; path = ViewController.swift; sourceTree = "<group>"; };
		829C708C1F3C967E001A3893 /* Base */ = {isa = PBXFileReference; lastKnownFileType = file.storyboard; name = Base; path = Base.lproj/Main.storyboard; sourceTree = "<group>"; };
		829C708E1F3C967E001A3893 /* Assets.xcassets */ = {isa = PBXFileReference; lastKnownFileType = folder.assetcatalog; path = Assets.xcassets; sourceTree = "<group>"; };
		829C70911F3C967E001A3893 /* Base */ = {isa = PBXFileReference; lastKnownFileType = file.storyboard; name = Base; path = Base.lproj/LaunchScreen.storyboard; sourceTree = "<group>"; };
		829C70931F3C967E001A3893 /* Info.plist */ = {isa = PBXFileReference; lastKnownFileType = text.plist.xml; path = Info.plist; sourceTree = "<group>"; };
/* End PBXFileReference section */

/* Begin PBXFrameworksBuildPhase section */
		829C70811F3C967E001A3893 /* Frameworks */ = {
			isa = PBXFrameworksBuildPhase;
			buildActionMask = 2147483647;
			files = (
			);
			runOnlyForDeploymentPostprocessing = 0;
		};
/* End PBXFrameworksBuildPhase section */

/* Begin PBXGroup section */
		829C707B1F3C967E001A3893 = {
			isa = PBXGroup;
			children = (
				829C70861F3C967E001A3893 /* ProgreeBar */,
				829C70851F3C967E001A3893 /* Products */,
			);
			sourceTree = "<group>";
		};
		829C70851F3C967E001A3893 /* Products */ = {
			isa = PBXGroup;
			children = (
				829C70841F3C967E001A3893 /* ProgreeBar.app */,
			);
			name = Products;
			sourceTree = "<group>";
		};
		829C70861F3C967E001A3893 /* ProgreeBar */ = {
			isa = PBXGroup;
			children = (
				829C70991F3C9685001A3893 /* Model */,
				829C709A1F3C968C001A3893 /* View */,
				829C709B1F3C9693001A3893 /* Controller */,
				829C70871F3C967E001A3893 /* AppDelegate.swift */,
				829C708B1F3C967E001A3893 /* Main.storyboard */,
				829C708E1F3C967E001A3893 /* Assets.xcassets */,
				829C70901F3C967E001A3893 /* LaunchScreen.storyboard */,
				829C70931F3C967E001A3893 /* Info.plist */,
			);
			path = ProgreeBar;
			sourceTree = "<group>";
		};
		829C70991F3C9685001A3893 /* Model */ = {
			isa = PBXGroup;
			children = (
			);
			name = Model;
			sourceTree = "<group>";
		};
		829C709A1F3C968C001A3893 /* View */ = {
			isa = PBXGroup;
			children = (
			);
			name = View;
			sourceTree = "<group>";
		};
		829C709B1F3C9693001A3893 /* Controller */ = {
			isa = PBXGroup;
			children = (
				829C70891F3C967E001A3893 /* ViewController.swift */,
			);
			name = Controller;
			sourceTree = "<group>";
		};
/* End PBXGroup section */

/* Begin PBXNativeTarget section */
		829C70831F3C967E001A3893 /* ProgreeBar */ = {
			isa = PBXNativeTarget;
			buildConfigurationList = 829C70961F3C967E001A3893 /* Build configuration list for PBXNativeTarget "ProgreeBar" */;
			buildPhases = (
				829C70801F3C967E001A3893 /* Sources */,
				829C70811F3C967E001A3893 /* Frameworks */,
				829C70821F3C967E001A3893 /* Resources */,
			);
			buildRules = (
			);
			dependencies = (
			);
			name = ProgreeBar;
			productName = ProgreeBar;
			productReference = 829C70841F3C967E001A3893 /* ProgreeBar.app */;
			productType = "com.apple.product-type.application";
		};
/* End PBXNativeTarget section */

/* Begin PBXProject section */
		829C707C1F3C967E001A3893 /* Project object */ = {
			isa = PBXProject;
			attributes = {
				LastSwiftUpdateCheck = 0830;
				LastUpgradeCheck = 0830;
				ORGANIZATIONNAME = "Rupesh Mittal";
				TargetAttributes = {
					829C70831F3C967E001A3893 = {
						CreatedOnToolsVersion = 8.3.3;
						DevelopmentTeam = 2F3E52PF98;
						ProvisioningStyle = Automatic;
					};
				};
			};
			buildConfigurationList = 829C707F1F3C967E001A3893 /* Build configuration list for PBXProject "ProgreeBar" */;
			compatibilityVersion = "Xcode 3.2";
			developmentRegion = English;
			hasScannedForEncodings = 0;
			knownRegions = (
				en,
				Base,
			);
			mainGroup = 829C707B1F3C967E001A3893;
			productRefGroup = 829C70851F3C967E001A3893 /* Products */;
			projectDirPath = "";
			projectRoot = "";
			targets = (
				829C70831F3C967E001A3893 /* ProgreeBar */,
			);
		};
/* End PBXProject section */

/* Begin PBXResourcesBuildPhase section */
		829C70821F3C967E001A3893 /* Resources */ = {
			isa = PBXResourcesBuildPhase;
			buildActionMask = 2147483647;
			files = (
				829C70921F3C967E001A3893 /* LaunchScreen.storyboard in Resources */,
				829C708F1F3C967E001A3893 /* Assets.xcassets in Resources */,
				829C708D1F3C967E001A3893 /* Main.storyboard in Resources */,
			);
			runOnlyForDeploymentPostprocessing = 0;
		};
/* End PBXResourcesBuildPhase section */

/* Begin PBXSourcesBuildPhase section */
		829C70801F3C967E001A3893 /* Sources */ = {
			isa = PBXSourcesBuildPhase;
			buildActionMask = 2147483647;
			files = (
				829C708A1F3C967E001A3893 /* ViewController.swift in Sources */,
				829C70881F3C967E001A3893 /* AppDelegate.swift in Sources */,
			);
			runOnlyForDeploymentPostprocessing = 0;
		};
/* End PBXSourcesBuildPhase section */

/* Begin PBXVariantGroup section */
		829C708B1F3C967E001A3893 /* Main.storyboard */ = {
			isa = PBXVariantGroup;
			children = (
				829C708C1F3C967E001A3893 /* Base */,
			);
			name = Main.storyboard;
			sourceTree = "<group>";
		};
		829C70901F3C967E001A3893 /* LaunchScreen.storyboard */ = {
			isa = PBXVariantGroup;
			children = (
				829C70911F3C967E001A3893 /* Base */,
			);
			name = LaunchScreen.storyboard;
			sourceTree = "<group>";
		};
/* End PBXVariantGroup section */

/* Begin XCBuildConfiguration section */
		829C70941F3C967E001A3893 /* Debug */ = {
			isa = XCBuildConfiguration;
			buildSettings = {
				ALWAYS_SEARCH_USER_PATHS = NO;
				CLANG_ANALYZER_NONNULL = YES;
				CLANG_ANALYZER_NUMBER_OBJECT_CONVERSION = YES_AGGRESSIVE;
				CLANG_CXX_LANGUAGE_STANDARD = "gnu++0x";
				CLANG_CXX_LIBRARY = "libc++";
				CLANG_ENABLE_MODULES = YES;
				CLANG_ENABLE_OBJC_ARC = YES;
				CLANG_WARN_BOOL_CONVERSION = YES;
				CLANG_WARN_CONSTANT_CONVERSION = YES;
				CLANG_WARN_DIRECT_OBJC_ISA_USAGE = YES_ERROR;
				CLANG_WARN_DOCUMENTATION_COMMENTS = YES;
				CLANG_WARN_EMPTY_BODY = YES;
				CLANG_WARN_ENUM_CONVERSION = YES;
				CLANG_WARN_INFINITE_RECURSION = YES;
				CLANG_WARN_INT_CONVERSION = YES;
				CLANG_WARN_OBJC_ROOT_CLASS = YES_ERROR;
				CLANG_WARN_SUSPICIOUS_MOVE = YES;
				CLANG_WARN_UNREACHABLE_CODE = YES;
				CLANG_WARN__DUPLICATE_METHOD_MATCH = YES;
				"CODE_SIGN_IDENTITY[sdk=iphoneos*]" = "iPhone Developer";
				COPY_PHASE_STRIP = NO;
				DEBUG_INFORMATION_FORMAT = dwarf;
				ENABLE_STRICT_OBJC_MSGSEND = YES;
				ENABLE_TESTABILITY = YES;
				GCC_C_LANGUAGE_STANDARD = gnu99;
				GCC_DYNAMIC_NO_PIC = NO;
				GCC_NO_COMMON_BLOCKS = YES;
				GCC_OPTIMIZATION_LEVEL = 0;
				GCC_PREPROCESSOR_DEFINITIONS = (
					"DEBUG=1",
					"$(inherited)",
				);
				GCC_WARN_64_TO_32_BIT_CONVERSION = YES;
				GCC_WARN_ABOUT_RETURN_TYPE = YES_ERROR;
				GCC_WARN_UNDECLARED_SELECTOR = YES;
				GCC_WARN_UNINITIALIZED_AUTOS = YES_AGGRESSIVE;
				GCC_WARN_UNUSED_FUNCTION = YES;
				GCC_WARN_UNUSED_VARIABLE = YES;
				IPHONEOS_DEPLOYMENT_TARGET = 10.3;
				MTL_ENABLE_DEBUG_INFO = YES;
				ONLY_ACTIVE_ARCH = YES;
				SDKROOT = iphoneos;
				SWIFT_ACTIVE_COMPILATION_CONDITIONS = DEBUG;
				SWIFT_OPTIMIZATION_LEVEL = "-Onone";
				TARGETED_DEVICE_FAMILY = "1,2";
			};
			name = Debug;
		};
		829C70951F3C967E001A3893 /* Release */ = {
			isa = XCBuildConfiguration;
			buildSettings = {
				ALWAYS_SEARCH_USER_PATHS = NO;
				CLANG_ANALYZER_NONNULL = YES;
				CLANG_ANALYZER_NUMBER_OBJECT_CONVERSION = YES_AGGRESSIVE;
				CLANG_CXX_LANGUAGE_STANDARD = "gnu++0x";
				CLANG_CXX_LIBRARY = "libc++";
				CLANG_ENABLE_MODULES = YES;
				CLANG_ENABLE_OBJC_ARC = YES;
				CLANG_WARN_BOOL_CONVERSION = YES;
				CLANG_WARN_CONSTANT_CONVERSION = YES;
				CLANG_WARN_DIRECT_OBJC_ISA_USAGE = YES_ERROR;
				CLANG_WARN_DOCUMENTATION_COMMENTS = YES;
				CLANG_WARN_EMPTY_BODY = YES;
				CLANG_WARN_ENUM_CONVERSION = YES;
				CLANG_WARN_INFINITE_RECURSION = YES;
				CLANG_WARN_INT_CONVERSION = YES;
				CLANG_WARN_OBJC_ROOT_CLASS = YES_ERROR;
				CLANG_WARN_SUSPICIOUS_MOVE = YES;
				CLANG_WARN_UNREACHABLE_CODE = YES;
				CLANG_WARN__DUPLICATE_METHOD_MATCH = YES;
				"CODE_SIGN_IDENTITY[sdk=iphoneos*]" = "iPhone Developer";
				COPY_PHASE_STRIP = NO;
				DEBUG_INFORMATION_FORMAT = "dwarf-with-dsym";
				ENABLE_NS_ASSERTIONS = NO;
				ENABLE_STRICT_OBJC_MSGSEND = YES;
				GCC_C_LANGUAGE_STANDARD = gnu99;
				GCC_NO_COMMON_BLOCKS = YES;
				GCC_WARN_64_TO_32_BIT_CONVERSION = YES;
				GCC_WARN_ABOUT_RETURN_TYPE = YES_ERROR;
				GCC_WARN_UNDECLARED_SELECTOR = YES;
				GCC_WARN_UNINITIALIZED_AUTOS = YES_AGGRESSIVE;
				GCC_WARN_UNUSED_FUNCTION = YES;
				GCC_WARN_UNUSED_VARIABLE = YES;
				IPHONEOS_DEPLOYMENT_TARGET = 10.3;
				MTL_ENABLE_DEBUG_INFO = NO;
				SDKROOT = iphoneos;
				SWIFT_OPTIMIZATION_LEVEL = "-Owholemodule";
				TARGETED_DEVICE_FAMILY = "1,2";
				VALIDATE_PRODUCT = YES;
			};
			name = Release;
		};
		829C70971F3C967E001A3893 /* Debug */ = {
			isa = XCBuildConfiguration;
			buildSettings = {
				ASSETCATALOG_COMPILER_APPICON_NAME = AppIcon;
				DEVELOPMENT_TEAM = 2F3E52PF98;
				INFOPLIST_FILE = ProgreeBar/Info.plist;
				LD_RUNPATH_SEARCH_PATHS = "$(inherited) @executable_path/Frameworks";
				PRODUCT_BUNDLE_IDENTIFIER = com.dolevel.ProgreeBar;
				PRODUCT_NAME = "$(TARGET_NAME)";
				SWIFT_VERSION = 3.0;
			};
			name = Debug;
		};
		829C70981F3C967E001A3893 /* Release */ = {
			isa = XCBuildConfiguration;
			buildSettings = {
				ASSETCATALOG_COMPILER_APPICON_NAME = AppIcon;
				DEVELOPMENT_TEAM = 2F3E52PF98;
				INFOPLIST_FILE = ProgreeBar/Info.plist;
				LD_RUNPATH_SEARCH_PATHS = "$(inherited) @executable_path/Frameworks";
				PRODUCT_BUNDLE_IDENTIFIER = com.dolevel.ProgreeBar;
				PRODUCT_NAME = "$(TARGET_NAME)";
				SWIFT_VERSION = 3.0;
			};
			name = Release;
		};
/* End XCBuildConfiguration section */

/* Begin XCConfigurationList section */
		829C707F1F3C967E001A3893 /* Build configuration list for PBXProject "ProgreeBar" */ = {
			isa = XCConfigurationList;
			buildConfigurations = (
				829C70941F3C967E001A3893 /* Debug */,
				829C70951F3C967E001A3893 /* Release */,
			);
			defaultConfigurationIsVisible = 0;
			defaultConfigurationName = Release;
		};
		829C70961F3C967E001A3893 /* Build configuration list for PBXNativeTarget "ProgreeBar" */ = {
			isa = XCConfigurationList;
			buildConfigurations = (
				829C70971F3C967E001A3893 /* Debug */,
				829C70981F3C967E001A3893 /* Release */,
			);
			defaultConfigurationIsVisible = 0;
		};
/* End XCConfigurationList section */
	};
	rootObject = 829C707C1F3C967E001A3893 /* Project object */;
}
